
Microsoft Visual Studio Solution File, Format Version 12.00
# Visual Studio Version 17
VisualStudioVersion = 17.1.32228.430
MinimumVisualStudioVersion = 10.0.40219.1
Project("{8BC9CEB8-8B4A-11D0-8D11-00A0C91BC942}") = "Project", "Project\Project.vcxproj", "{EF07333D-B49A-48ED-9AE4-F42CB4181EE5}"
EndProject
Project("{8BC9CEB8-8B4A-11D0-8D11-00A0C91BC942}") = "Engine", "Engine\Engine.vcxproj", "{6432C941-8656-4E1C-AEEC-E3EB9215DA78}"
EndProject
Project("{8BC9CEB8-8B4A-11D0-8D11-00A0C91BC942}") = "glfw", "glfw\build\src\glfw.vcxproj", "{F47427EA-E34C-3EC8-A261-E85AF197A063}"
EndProject
Project("{8BC9CEB8-8B4A-11D0-8D11-00A0C91BC942}") = "glad", "glad\glad.vcxproj", "{3E85E3E3-3233-465C-9774-D81FE4CA5C55}"
EndProject
Project("{8BC9CEB8-8B4A-11D0-8D11-00A0C91BC942}") = "stbi", "stbi\stbi.vcxproj", "{EF3634FA-25BD-4C6E-A7CD-AF1E4952C4CC}"
EndProject
Global
	GlobalSection(SolutionConfigurationPlatforms) = preSolution
		Debug|x64 = Debug|x64
		Debug|x86 = Debug|x86
		MinSizeRel|x64 = MinSizeRel|x64
		MinSizeRel|x86 = MinSizeRel|x86
		Release|x64 = Release|x64
		Release|x86 = Release|x86
		RelWithDebInfo|x64 = RelWithDebInfo|x64
		RelWithDebInfo|x86 = RelWithDebInfo|x86
	EndGlobalSection
	GlobalSection(ProjectConfigurationPlatforms) = postSolution
		{EF07333D-B49A-48ED-9AE4-F42CB4181EE5}.Debug|x64.ActiveCfg = Debug|x64
		{EF07333D-B49A-48ED-9AE4-F42CB4181EE5}.Debug|x64.Build.0 = Debug|x64
		{EF07333D-B49A-48ED-9AE4-F42CB4181EE5}.Debug|x86.ActiveCfg = Debug|x64
		{EF07333D-B49A-48ED-9AE4-F42CB4181EE5}.Debug|x86.Build.0 = Debug|x64
		{EF07333D-B49A-48ED-9AE4-F42CB4181EE5}.MinSizeRel|x64.ActiveCfg = Release|x64
		{EF07333D-B49A-48ED-9AE4-F42CB4181EE5}.MinSizeRel|x64.Build.0 = Release|x64
		{EF07333D-B49A-48ED-9AE4-F42CB4181EE5}.MinSizeRel|x86.ActiveCfg = Debug|x64
		{EF07333D-B49A-48ED-9AE4-F42CB4181EE5}.MinSizeRel|x86.Build.0 = Debug|x64
		{EF07333D-B49A-48ED-9AE4-F42CB4181EE5}.Release|x64.ActiveCfg = Release|x64
		{EF07333D-B49A-48ED-9AE4-F42CB4181EE5}.Release|x64.Build.0 = Release|x64
		{EF07333D-B49A-48ED-9AE4-F42CB4181EE5}.Release|x86.ActiveCfg = Release|x64
		{EF07333D-B49A-48ED-9AE4-F42CB4181EE5}.Release|x86.Build.0 = Release|x64
		{EF07333D-B49A-48ED-9AE4-F42CB4181EE5}.RelWithDebInfo|x64.ActiveCfg = Release|x64
		{EF07333D-B49A-48ED-9AE4-F42CB4181EE5}.RelWithDebInfo|x64.Build.0 = Release|x64
		{EF07333D-B49A-48ED-9AE4-F42CB4181EE5}.RelWithDebInfo|x86.ActiveCfg = Release|x64
		{EF07333D-B49A-48ED-9AE4-F42CB4181EE5}.RelWithDebInfo|x86.Build.0 = Release|x64
		{6432C941-8656-4E1C-AEEC-E3EB9215DA78}.Debug|x64.ActiveCfg = Debug|x64
		{6432C941-8656-4E1C-AEEC-E3EB9215DA78}.Debug|x64.Build.0 = Debug|x64
		{6432C941-8656-4E1C-AEEC-E3EB9215DA78}.Debug|x86.ActiveCfg = Debug|x64
		{6432C941-8656-4E1C-AEEC-E3EB9215DA78}.Debug|x86.Build.0 = Debug|x64
		{6432C941-8656-4E1C-AEEC-E3EB9215DA78}.MinSizeRel|x64.ActiveCfg = Release|x64
		{6432C941-8656-4E1C-AEEC-E3EB9215DA78}.MinSizeRel|x64.Build.0 = Release|x64
		{6432C941-8656-4E1C-AEEC-E3EB9215DA78}.MinSizeRel|x86.ActiveCfg = Debug|x64
		{6432C941-8656-4E1C-AEEC-E3EB9215DA78}.MinSizeRel|x86.Build.0 = Debug|x64
		{6432C941-8656-4E1C-AEEC-E3EB9215DA78}.Release|x64.ActiveCfg = Release|x64
		{6432C941-8656-4E1C-AEEC-E3EB9215DA78}.Release|x64.Build.0 = Release|x64
		{6432C941-8656-4E1C-AEEC-E3EB9215DA78}.Release|x86.ActiveCfg = Release|x64
		{6432C941-8656-4E1C-AEEC-E3EB9215DA78}.Release|x86.Build.0 = Release|x64
		{6432C941-8656-4E1C-AEEC-E3EB9215DA78}.RelWithDebInfo|x64.ActiveCfg = Release|x64
		{6432C941-8656-4E1C-AEEC-E3EB9215DA78}.RelWithDebInfo|x64.Build.0 = Release|x64
		{6432C941-8656-4E1C-AEEC-E3EB9215DA78}.RelWithDebInfo|x86.ActiveCfg = Release|x64
		{6432C941-8656-4E1C-AEEC-E3EB9215DA78}.RelWithDebInfo|x86.Build.0 = Release|x64
		{F47427EA-E34C-3EC8-A261-E85AF197A063}.Debug|x64.ActiveCfg = Debug|x64
		{F47427EA-E34C-3EC8-A261-E85AF197A063}.Debug|x64.Build.0 = Debug|x64
		{F47427EA-E34C-3EC8-A261-E85AF197A063}.Debug|x86.ActiveCfg = Debug|x64
		{F47427EA-E34C-3EC8-A261-E85AF197A063}.Debug|x86.Build.0 = Debug|x64
		{F47427EA-E34C-3EC8-A261-E85AF197A063}.MinSizeRel|x64.ActiveCfg = MinSizeRel|x64
		{F47427EA-E34C-3EC8-A261-E85AF197A063}.MinSizeRel|x64.Build.0 = MinSizeRel|x64
		{F47427EA-E34C-3EC8-A261-E85AF197A063}.MinSizeRel|x86.ActiveCfg = MinSizeRel|x64
		{F47427EA-E34C-3EC8-A261-E85AF197A063}.MinSizeRel|x86.Build.0 = MinSizeRel|x64
		{F47427EA-E34C-3EC8-A261-E85AF197A063}.Release|x64.ActiveCfg = Release|x64
		{F47427EA-E34C-3EC8-A261-E85AF197A063}.Release|x64.Build.0 = Release|x64
		{F47427EA-E34C-3EC8-A261-E85AF197A063}.Release|x86.ActiveCfg = Release|x64
		{F47427EA-E34C-3EC8-A261-E85AF197A063}.Release|x86.Build.0 = Release|x64
		{F47427EA-E34C-3EC8-A261-E85AF197A063}.RelWithDebInfo|x64.ActiveCfg = RelWithDebInfo|x64
		{F47427EA-E34C-3EC8-A261-E85AF197A063}.RelWithDebInfo|x64.Build.0 = RelWithDebInfo|x64
		{F47427EA-E34C-3EC8-A261-E85AF197A063}.RelWithDebInfo|x86.ActiveCfg = RelWithDebInfo|x64
		{F47427EA-E34C-3EC8-A261-E85AF197A063}.RelWithDebInfo|x86.Build.0 = RelWithDebInfo|x64
		{3E85E3E3-3233-465C-9774-D81FE4CA5C55}.Debug|x64.ActiveCfg = Debug|x64
		{3E85E3E3-3233-465C-9774-D81FE4CA5C55}.Debug|x64.Build.0 = Debug|x64
		{3E85E3E3-3233-465C-9774-D81FE4CA5C55}.Debug|x86.ActiveCfg = Debug|Win32
		{3E85E3E3-3233-465C-9774-D81FE4CA5C55}.Debug|x86.Build.0 = Debug|Win32
		{3E85E3E3-3233-465C-9774-D81FE4CA5C55}.MinSizeRel|x64.ActiveCfg = Debug|x64
		{3E85E3E3-3233-465C-9774-D81FE4CA5C55}.MinSizeRel|x64.Build.0 = Debug|x64
		{3E85E3E3-3233-465C-9774-D81FE4CA5C55}.MinSizeRel|x86.ActiveCfg = Debug|Win32
		{3E85E3E3-3233-465C-9774-D81FE4CA5C55}.MinSizeRel|x86.Build.0 = Debug|Win32
		{3E85E3E3-3233-465C-9774-D81FE4CA5C55}.Release|x64.ActiveCfg = Release|x64
		{3E85E3E3-3233-465C-9774-D81FE4CA5C55}.Release|x64.Build.0 = Release|x64
		{3E85E3E3-3233-465C-9774-D81FE4CA5C55}.Release|x86.ActiveCfg = Release|Win32
		{3E85E3E3-3233-465C-9774-D81FE4CA5C55}.Release|x86.Build.0 = Release|Win32
		{3E85E3E3-3233-465C-9774-D81FE4CA5C55}.RelWithDebInfo|x64.ActiveCfg = Release|x64
		{3E85E3E3-3233-465C-9774-D81FE4CA5C55}.RelWithDebInfo|x64.Build.0 = Release|x64
		{3E85E3E3-3233-465C-9774-D81FE4CA5C55}.RelWithDebInfo|x86.ActiveCfg = Release|Win32
		{3E85E3E3-3233-465C-9774-D81FE4CA5C55}.RelWithDebInfo|x86.Build.0 = Release|Win32
		{EF3634FA-25BD-4C6E-A7CD-AF1E4952C4CC}.Debug|x64.ActiveCfg = Debug|x64
		{EF3634FA-25BD-4C6E-A7CD-AF1E4952C4CC}.Debug|x64.Build.0 = Debug|x64
		{EF3634FA-25BD-4C6E-A7CD-AF1E4952C4CC}.Debug|x86.ActiveCfg = Debug|Win32
		{EF3634FA-25BD-4C6E-A7CD-AF1E4952C4CC}.Debug|x86.Build.0 = Debug|Win32
		{EF3634FA-25BD-4C6E-A7CD-AF1E4952C4CC}.MinSizeRel|x64.ActiveCfg = Debug|x64
		{EF3634FA-25BD-4C6E-A7CD-AF1E4952C4CC}.MinSizeRel|x64.Build.0 = Debug|x64
		{EF3634FA-25BD-4C6E-A7CD-AF1E4952C4CC}.MinSizeRel|x86.ActiveCfg = Debug|Win32
		{EF3634FA-25BD-4C6E-A7CD-AF1E4952C4CC}.MinSizeRel|x86.Build.0 = Debug|Win32
		{EF3634FA-25BD-4C6E-A7CD-AF1E4952C4CC}.Release|x64.ActiveCfg = Release|x64
		{EF3634FA-25BD-4C6E-A7CD-AF1E4952C4CC}.Release|x64.Build.0 = Release|x64
		{EF3634FA-25BD-4C6E-A7CD-AF1E4952C4CC}.Release|x86.ActiveCfg = Release|Win32
		{EF3634FA-25BD-4C6E-A7CD-AF1E4952C4CC}.Release|x86.Build.0 = Release|Win32
		{EF3634FA-25BD-4C6E-A7CD-AF1E4952C4CC}.RelWithDebInfo|x64.ActiveCfg = Release|x64
		{EF3634FA-25BD-4C6E-A7CD-AF1E4952C4CC}.RelWithDebInfo|x64.Build.0 = Release|x64
		{EF3634FA-25BD-4C6E-A7CD-AF1E4952C4CC}.RelWithDebInfo|x86.ActiveCfg = Release|Win32
		{EF3634FA-25BD-4C6E-A7CD-AF1E4952C4CC}.RelWithDebInfo|x86.Build.0 = Release|Win32
	EndGlobalSection
	GlobalSection(SolutionProperties) = preSolution
		HideSolutionNode = FALSE
	EndGlobalSection
	GlobalSection(ExtensibilityGlobals) = postSolution
		SolutionGuid = {8603A0D2-B049-42D6-8A3A-E49ABAED8DD7}
	EndGlobalSection
EndGlobal
